
Microsoft Visual Studio Solution File, Format Version 12.00
# Visual Studio 2012
Project("{FAE04EC0-301F-11D3-BF4B-00C04F79EFBC}") = "IngressEmailReader", "IngressEmailReader\IngressEmailReader.csproj", "{1E406042-3736-4B42-AFEF-B9524959DE35}"
EndProject
Project("{FAE04EC0-301F-11D3-BF4B-00C04F79EFBC}") = "ImapLibrary", "ImapLibrary\ImapLibrary.csproj", "{CABA26F4-9260-4C3A-80ED-BF722156DD93}"
EndProject
Global
	GlobalSection(SolutionConfigurationPlatforms) = preSolution
		Debug|Any CPU = Debug|Any CPU
		Release|Any CPU = Release|Any CPU
	EndGlobalSection
	GlobalSection(ProjectConfigurationPlatforms) = postSolution
		{1E406042-3736-4B42-AFEF-B9524959DE35}.Debug|Any CPU.ActiveCfg = Debug|Any CPU
		{1E406042-3736-4B42-AFEF-B9524959DE35}.Debug|Any CPU.Build.0 = Debug|Any CPU
		{1E406042-3736-4B42-AFEF-B9524959DE35}.Release|Any CPU.ActiveCfg = Release|Any CPU
		{1E406042-3736-4B42-AFEF-B9524959DE35}.Release|Any CPU.Build.0 = Release|Any CPU
		{CABA26F4-9260-4C3A-80ED-BF722156DD93}.Debug|Any CPU.ActiveCfg = Debug|Any CPU
		{CABA26F4-9260-4C3A-80ED-BF722156DD93}.Debug|Any CPU.Build.0 = Debug|Any CPU
		{CABA26F4-9260-4C3A-80ED-BF722156DD93}.Release|Any CPU.ActiveCfg = Release|Any CPU
		{CABA26F4-9260-4C3A-80ED-BF722156DD93}.Release|Any CPU.Build.0 = Release|Any CPU
	EndGlobalSection
	GlobalSection(SolutionProperties) = preSolution
		HideSolutionNode = FALSE
	EndGlobalSection
EndGlobal
